<?xml version="1.0" encoding="UTF-8" standalone="yes"?>
<CodeBlocks_project_file>
<FileVersion major="1" minor="6" />
<Project>
<Option title="AW31N_transfer" />
<Option compiler="q32s_lto_compiler" />
<Build>
<Target title="Release">
<Option output="../../../../../apps/app/post_build/bd47/sdk.elf" prefix_auto="0" extension_auto="0" />
<Option object_output="obj/Release/" />
<Option type="1" />
<Option compiler="q32s_lto_compiler" />
<Compiler>
<Add option="-integrated-as" />
<Add option="-g" />
<Add option="-O0" />
<Add option="-flto" />
<Add option="-Os" />
<Add option="-Wcast-align" />
<Add option="-fallow-pointer-null" />
<Add option="-Wincompatible-pointer-types" />
<Add option="-Wundef" />
<Add option="-fprefer-gnu-section" />
<Add option="-Wframe-larger-than=256" />
<Add option="-Wreturn-type" />
<Add option="-Wimplicit-function-declaration" />
<Add option="-D__FPGA=0" />
<Add option="-Werror=implicit-function-declaration" />
<Add option="-Werror=return-type" />
<Add option="-Werror=undef" />
<Add option="-DCONFIG_CPU_BD47=1" />
<Add option="-DAPP_BT_BLE=1" />
<Add option="-DSUPPORT_MS_EXTENSIONS" />
<Add option="-DSUPPORT_RESERVATION_RAM" />
<Add option="-fms-extensions" />
<Add option="-DAPP_CASE_TRANSFER" />
<Add option="-DSDK_VERSION_CFG_DEFINE=0x120001" />
<Add option="-DSDK_VERSION_DATE_DEFINE=202401113" />
<Add option="-DCONFIG_RELEASE_ENABLE" />
<Add option="-DHAS_VFS_EN=1" />
<Add option="-DNOFLOAT" />
<Add option="-Wno-format" />
<Add directory="../../../../../apps/include_lib/fs/sydf" />
<Add directory="../../../../../apps/app/bsp/common/bt_common" />
<Add directory="../../../../../apps/include_lib/update" />
<Add directory="../../../../../apps/include_lib/update/code_v2" />
<Add directory="../../../../../apps/app/bsp/common/third_party_profile/jieli/JL_rcsp/rcsp_update" />
<Add directory="../../../../../apps/app/bsp/common/third_party_profile/jieli/JL_rcsp/rcsp_hid" />
<Add directory="../../../../../apps/app/bsp/common/third_party_profile/jieli/JL_rcsp" />
<Add directory="../../../../../apps/app/bsp/common/third_party_profile/common" />
<Add directory="../../../../../apps/include_lib/bt_include/third_party/rcsp" />
<Add directory="../../../../../apps/examples/transfer/include" />
<Add directory="../../../../../apps/app/bsp" />
<Add directory="../../../../../apps/app/bsp/start" />
<Add directory="../../../../../apps/app/bsp/common/interphone" />
<Add directory="../../../../../apps/app/bsp/common/key" />
<Add directory="../../../../../apps/app/bsp/common/usb" />
<Add directory="../../../../../apps/app/bsp/common/power_manage" />
<Add directory="../../../../../apps/app/bsp/common/led" />
<Add directory="../../../../../apps/app/bsp/common/common_uart" />
<Add directory="../../../../../apps/app/bsp/common/mouse_sensor" />
<Add directory="../../../../../apps/app/bsp/common/code_switch" />
<Add directory="../../../../../apps/app/bsp/cpu/bd47" />
<Add directory="../../../../../apps/include_lib/common" />
<Add directory="../../../../../apps/include_lib/cpu/bd47" />
<Add directory="../../../../../apps/include_lib/liba/ARCH/q32s/header" />
<Add directory="../../../../../apps/include_lib/bt_controller_include" />
<Add directory="../../../../../apps/include_lib/bt_controller_include/adapter/include/common" />
<Add directory="../../../../../apps/include_lib/bt_controller_include/port/bd47" />
<Add directory="../../../../../apps/include_lib/bt_include" />
<Add directory="../../../../../apps/include_lib/bt_include/third_party/common" />
<Add directory="../../../../../apps/include_lib/config" />
<Add directory="../../../../../apps/include_lib/dev_mg" />
<Add directory="../../../../../apps/app/bsp/common/third_party_profile/jieli" />
<Add directory="../../../../../apps/app/bsp/common/third_party_profile/jieli/gatt_common" />
<Add directory="../../../../../apps/app/bsp/common/temp_trim" />
<Add directory="../../../../../apps/demo/transfer" />
<Add directory="../../../../../apps/demo/transfer/include" />
<Add directory="../../../../../apps/app/bsp/common/usb/device" />
<Add directory="../../../../../apps/app/bsp/common/usb/host" />
<Add directory="../../../../../apps/include_lib/device/usb" />
<Add directory="../../../../../apps/include_lib/device/usb/device" />
<Add directory="../../../../../apps/include_lib/device/usb/host" />
<Add directory="../../../../../apps/demo" />
<Add directory="../../../../../apps/include_lib" />
<Add directory="../../../../../apps/app/post_build/bd47" />
<Add directory="../../../../../apps/include_lib/audio" />
<Add directory="../../../../../apps/include_lib/audio_eq" />
<Add directory="../../../../../apps/include_lib/cpu" />
<Add directory="../../../../../apps/maske_include" />
<Add directory="../../../../../apps/app/bsp/lib" />
<Add directory="../../../../../apps/app/bsp/cpu/bd47/entry" />
<Add directory="../../../../../apps/app/bsp/common" />
<Add directory="../../../../../apps/app/bsp/device" />
<Add directory="../../../../../apps/app/bsp/common/usb/usr" />
<Add directory="../../../../../apps/include_lib/msg" />
<Add directory="../../../../../apps/include_lib/fs" />
<Add directory="../../../../../apps/include_lib/decoder" />
<Add directory="../../../../../apps/include_lib/decoder/list" />
<Add directory="../../../../../apps/include_lib/sound_mge" />
<Add directory="../../../../../apps/include_lib/device" />
<Add directory="../../../../../apps/include_lib/device/sdmmc" />
<Add directory="../../../../../apps/include_lib/device/norflash" />
<Add directory="../../../../../apps/demo/transfer/board/bd47" />
</Compiler>
<Linker>
<Add option="--plugin-opt=-inline-threshold=5" />
<Add option="--plugin-opt=save-temps" />
<Add option="--plugin-opt=-inline-normal-into-special-section=true" />
<Add option="--plugin-opt=-dont-used-symbol-list=malloc,free,sprintf,printf,puts,putchar" />
<Add option="--plugin-opt=-warn-stack-size=256" />
<Add option="--sort-common" />
<Add option="--dont-complain-call-overflow" />
<Add option="--gc-sections" />
<Add option="--start-group" />
<Add option="../../../../../apps/include_lib/liba/bd47/flash/agreement.a" />
<Add option="../../../../../apps/include_lib/liba/bd47/flash/update_lib.a" />
<Add option="../../../../../apps/include_lib/liba/bd47/flash/cpu_lib.a" />
<Add option="../../../../../apps/include_lib/liba/bd47/flash/fs_lib.a" />
<Add option="../../../../../apps/include_lib/liba/bd47/flash/malloc_lib.a" />
<Add option="../../../../../apps/include_lib/liba/bd47/flash/sys_timer_lib.a" />
<Add option="../../../../../apps/include_lib/liba/bd47/flash/bt_controller_lib.a" />
<Add option="../../../../../apps/include_lib/liba/bd47/flash/bt_protocol_lib.a" />
<Add option="../../../../../apps/include_lib/liba/bd47/flash/crypto_toolbox_lib.a" />
<Add option="../../../../../apps/include_lib/liba/bd47/flash/periphy_lib.a" />
<Add option="../../../../../apps/include_lib/liba/bd47/flash/new_vm_lib.a" />
<Add option="../../../../../apps/include_lib/liba/bd47/flash/printf_lib.a" />
<Add option="../../../../../apps/include_lib/liba/bd47/flash/dev_mg_lib.a" />
<Add option="../../../../../apps/include_lib/liba/bd47/flash/lib_ima_stream_decode.a" />
<Add option="../../../../../apps/include_lib/liba/bd47/flash/lib_sbc_stddec.a" />
<Add option="--end-group" />
<Add option="-T../../../../../apps/app/post_build/bd47/app.ld" />
<Add option="-M=../../../../../apps/app/post_build/bd47/app.map" />
<Add library="C:\JL\pi32\q32s-lib\libm.a" />
</Linker>
<ExtraCommands>
<Add before="$compiler $options $includes -D__LD__ -E -P ..\..\..\..\..\apps\app\post_build\bd47\flash\app_ld.c -o ..\..\..\..\..\apps\app\post_build\bd47\app.ld" />
<Add before="$compiler $options $includes -D__LD__ -E -P ..\..\..\..\..\apps\app\post_build\bd47\flash\download_bat.c -o ..\..\..\..\..\apps\app\post_build\bd47\download.bat" />
<Add before="..\..\..\..\..\tools\utils\fixbat.exe ..\..\..\..\..\apps\app\post_build\bd47\download.bat" />
<Add before="$compiler $options $includes -D__LD__ -E -P ..\..\..\..\..\apps\app\post_build\bd47\flash\download_sh.c -o ..\..\..\..\..\apps\app\post_build\bd47\download.sh" />
<Add before="$compiler $options $includes -D__LD__ -E -P ..\..\..\..\..\apps\app\post_build\bd47\flash\isd_config_ini.c -o ..\..\..\..\..\apps\app\post_build\bd47\isd_config.ini" />
<Mode before="always" />
<Add after="..\..\..\..\..\apps\app\post_build\bd47\download.bat sdk" />
<Mode after="always" />
</ExtraCommands>
</Target>
</Build>
<Unit filename="../../../../../apps/app/bsp/common/bt_common/ble_test_api.c"><Option compilerVer="CC"/></Unit>
<Unit filename="../../../../../apps/app/bsp/common/code_switch/code_switch.c"><Option compilerVer="CC"/></Unit>
<Unit filename="../../../../../apps/app/bsp/common/code_switch/code_switch.h" />
<Unit filename="../../../../../apps/app/bsp/common/common_uart/common_uart_control.c"><Option compilerVer="CC"/></Unit>
<Unit filename="../../../../../apps/app/bsp/common/common_uart/common_uart_control.h" />
<Unit filename="../../../../../apps/app/bsp/common/config/lib_power_config.c"><Option compilerVer="CC"/></Unit>
<Unit filename="../../../../../apps/app/bsp/common/fs/sydf/sydf_resource.c"><Option compilerVer="CC"/></Unit>
<Unit filename="../../../../../apps/app/bsp/common/fs/vfs.c"><Option compilerVer="CC"/></Unit>
<Unit filename="../../../../../apps/app/bsp/common/fs/vfs_fat.c"><Option compilerVer="CC"/></Unit>
<Unit filename="../../../../../apps/app/bsp/common/fs/vfs_resource.c"><Option compilerVer="CC"/></Unit>
<Unit filename="../../../../../apps/app/bsp/common/ir/ir_decoder.c"><Option compilerVer="CC"/></Unit>
<Unit filename="../../../../../apps/app/bsp/common/ir/ir_encoder.c"><Option compilerVer="CC"/></Unit>
<Unit filename="../../../../../apps/app/bsp/common/key/key.c"><Option compilerVer="CC"/></Unit>
<Unit filename="../../../../../apps/app/bsp/common/key/key.h" />
<Unit filename="../../../../../apps/app/bsp/common/key/key_drv_ad.c"><Option compilerVer="CC"/></Unit>
<Unit filename="../../../../../apps/app/bsp/common/key/key_drv_ad.h" />
<Unit filename="../../../../../apps/app/bsp/common/key/key_drv_io.c"><Option compilerVer="CC"/></Unit>
<Unit filename="../../../../../apps/app/bsp/common/key/key_drv_io.h" />
<Unit filename="../../../../../apps/app/bsp/common/key/key_drv_matrix.c"><Option compilerVer="CC"/></Unit>
<Unit filename="../../../../../apps/app/bsp/common/key/key_drv_matrix.h" />
<Unit filename="../../../../../apps/app/bsp/common/led/led_control.c"><Option compilerVer="CC"/></Unit>
<Unit filename="../../../../../apps/app/bsp/common/led/led_control.h" />
<Unit filename="../../../../../apps/app/bsp/common/ledc/ledc.c"><Option compilerVer="CC"/></Unit>
<Unit filename="../../../../../apps/app/bsp/common/ledc/ledc.h" />
<Unit filename="../../../../../apps/app/bsp/common/ledc/ledc_demo.c"><Option compilerVer="CC"/></Unit>
<Unit filename="../../../../../apps/app/bsp/common/mouse_sensor/OMSensor_manage.c"><Option compilerVer="CC"/></Unit>
<Unit filename="../../../../../apps/app/bsp/common/mouse_sensor/OMSensor_manage.h" />
<Unit filename="../../../../../apps/app/bsp/common/mouse_sensor/hal3205/hal3205.c"><Option compilerVer="CC"/></Unit>
<Unit filename="../../../../../apps/app/bsp/common/mouse_sensor/hal3205/hal3205.h" />
<Unit filename="../../../../../apps/app/bsp/common/mouse_sensor/hal3212/hal3212.c"><Option compilerVer="CC"/></Unit>
<Unit filename="../../../../../apps/app/bsp/common/mouse_sensor/hal3212/hal3212.h" />
<Unit filename="../../../../../apps/app/bsp/common/msg/msg.c"><Option compilerVer="CC"/></Unit>
<Unit filename="../../../../../apps/app/bsp/common/msg/sys_event.c"><Option compilerVer="CC"/></Unit>
<Unit filename="../../../../../apps/app/bsp/common/my_malloc.c"><Option compilerVer="CC"/></Unit>
<Unit filename="../../../../../apps/app/bsp/common/power_manage/app_power_mg.c"><Option compilerVer="CC"/></Unit>
<Unit filename="../../../../../apps/app/bsp/common/power_manage/app_power_mg.h" />
<Unit filename="../../../../../apps/app/bsp/common/rdec_soft/rdec_soft.c"><Option compilerVer="CC"/></Unit>
<Unit filename="../../../../../apps/app/bsp/common/rtc/rtc_demo.c"><Option compilerVer="CC"/></Unit>
<Unit filename="../../../../../apps/app/bsp/common/sys_memory/sys_memory.c"><Option compilerVer="CC"/></Unit>
<Unit filename="../../../../../apps/app/bsp/common/tab_read.c"><Option compilerVer="CC"/></Unit>
<Unit filename="../../../../../apps/app/bsp/common/temp_trim/adc_dtemp_alog.c"><Option compilerVer="CC"/></Unit>
<Unit filename="../../../../../apps/app/bsp/common/temp_trim/adc_dtemp_alog.h" />
<Unit filename="../../../../../apps/app/bsp/common/temp_trim/dtemp_pll_trim.c"><Option compilerVer="CC"/></Unit>
<Unit filename="../../../../../apps/app/bsp/common/third_party_profile/common/custom_cfg.c"><Option compilerVer="CC"/></Unit>
<Unit filename="../../../../../apps/app/bsp/common/third_party_profile/common/custom_cfg.h" />
<Unit filename="../../../../../apps/app/bsp/common/third_party_profile/jieli/JL_rcsp/rcsp_bluetooth.c"><Option compilerVer="CC"/></Unit>
<Unit filename="../../../../../apps/app/bsp/common/third_party_profile/jieli/JL_rcsp/rcsp_bluetooth.h" />
<Unit filename="../../../../../apps/app/bsp/common/third_party_profile/jieli/JL_rcsp/rcsp_hid/rcsp_hid_inter.c"><Option compilerVer="CC"/></Unit>
<Unit filename="../../../../../apps/app/bsp/common/third_party_profile/jieli/JL_rcsp/rcsp_hid/rcsp_hid_inter.h" />
<Unit filename="../../../../../apps/app/bsp/common/third_party_profile/jieli/JL_rcsp/rcsp_msg.c"><Option compilerVer="CC"/></Unit>
<Unit filename="../../../../../apps/app/bsp/common/third_party_profile/jieli/JL_rcsp/rcsp_msg.h" />
<Unit filename="../../../../../apps/app/bsp/common/third_party_profile/jieli/JL_rcsp/rcsp_update/rcsp_ch_loader_download.c"><Option compilerVer="CC"/></Unit>
<Unit filename="../../../../../apps/app/bsp/common/third_party_profile/jieli/JL_rcsp/rcsp_update/rcsp_ch_loader_download.h" />
<Unit filename="../../../../../apps/app/bsp/common/third_party_profile/jieli/JL_rcsp/rcsp_update/rcsp_user_update.c"><Option compilerVer="CC"/></Unit>
<Unit filename="../../../../../apps/app/bsp/common/third_party_profile/jieli/JL_rcsp/rcsp_update/rcsp_user_update.h" />
<Unit filename="../../../../../apps/app/bsp/common/third_party_profile/jieli/gatt_common/le_gatt_client.c"><Option compilerVer="CC"/></Unit>
<Unit filename="../../../../../apps/app/bsp/common/third_party_profile/jieli/gatt_common/le_gatt_common.c"><Option compilerVer="CC"/></Unit>
<Unit filename="../../../../../apps/app/bsp/common/third_party_profile/jieli/gatt_common/le_gatt_common.h" />
<Unit filename="../../../../../apps/app/bsp/common/third_party_profile/jieli/gatt_common/le_gatt_server.c"><Option compilerVer="CC"/></Unit>
<Unit filename="../../../../../apps/app/bsp/common/third_party_profile/jieli/le_common.h" />
<Unit filename="../../../../../apps/app/bsp/common/update/dual_update_crc_cal.c"><Option compilerVer="CC"/></Unit>
<Unit filename="../../../../../apps/app/bsp/common/update/dual_update_demo.c"><Option compilerVer="CC"/></Unit>
<Unit filename="../../../../../apps/app/bsp/common/update/testbox_uart_update.c"><Option compilerVer="CC"/></Unit>
<Unit filename="../../../../../apps/app/bsp/common/update/testbox_update.c"><Option compilerVer="CC"/></Unit>
<Unit filename="../../../../../apps/app/bsp/common/update/update.c"><Option compilerVer="CC"/></Unit>
<Unit filename="../../../../../apps/app/bsp/common/usb/device/cdc.c"><Option compilerVer="CC"/></Unit>
<Unit filename="../../../../../apps/app/bsp/common/usb/device/cdc.h" />
<Unit filename="../../../../../apps/app/bsp/common/usb/device/cdc_defs.h" />
<Unit filename="../../../../../apps/app/bsp/common/usb/device/custom_hid.c"><Option compilerVer="CC"/></Unit>
<Unit filename="../../../../../apps/app/bsp/common/usb/device/descriptor.c"><Option compilerVer="CC"/></Unit>
<Unit filename="../../../../../apps/app/bsp/common/usb/device/hid_keyboard.c"><Option compilerVer="CC"/></Unit>
<Unit filename="../../../../../apps/app/bsp/common/usb/device/hid_media.c"><Option compilerVer="CC"/></Unit>
<Unit filename="../../../../../apps/app/bsp/common/usb/device/hid_mouse.c"><Option compilerVer="CC"/></Unit>
<Unit filename="../../../../../apps/app/bsp/common/usb/device/msd.c"><Option compilerVer="CC"/></Unit>
<Unit filename="../../../../../apps/app/bsp/common/usb/device/msd_upgrade.c"><Option compilerVer="CC"/></Unit>
<Unit filename="../../../../../apps/app/bsp/common/usb/device/task_pc.c"><Option compilerVer="CC"/></Unit>
<Unit filename="../../../../../apps/app/bsp/common/usb/device/uac1.c"><Option compilerVer="CC"/></Unit>
<Unit filename="../../../../../apps/app/bsp/common/usb/device/usb_device.c"><Option compilerVer="CC"/></Unit>
<Unit filename="../../../../../apps/app/bsp/common/usb/device/usb_device_config.c"><Option compilerVer="CC"/></Unit>
<Unit filename="../../../../../apps/app/bsp/common/usb/device/usb_suspend_resume.c"><Option compilerVer="CC"/></Unit>
<Unit filename="../../../../../apps/app/bsp/common/usb/device/user_setup.c"><Option compilerVer="CC"/></Unit>
<Unit filename="../../../../../apps/app/bsp/common/usb/usb_common_def.h" />
<Unit filename="../../../../../apps/app/bsp/common/usb/usb_config.h" />
<Unit filename="../../../../../apps/app/bsp/common/usb/usb_std_class_def.h" />
<Unit filename="../../../../../apps/app/bsp/common/vm/nvm_api.c"><Option compilerVer="CC"/></Unit>
<Unit filename="../../../../../apps/app/bsp/common/vm/vm_api.c"><Option compilerVer="CC"/></Unit>
<Unit filename="../../../../../apps/app/bsp/cpu/bd47/adc_api.c"><Option compilerVer="CC"/></Unit>
<Unit filename="../../../../../apps/app/bsp/cpu/bd47/cpu_debug.c"><Option compilerVer="CC"/></Unit>
<Unit filename="../../../../../apps/app/bsp/cpu/bd47/device.c"><Option compilerVer="CC"/></Unit>
<Unit filename="../../../../../apps/app/bsp/cpu/bd47/led/led_api.c"><Option compilerVer="CC"/></Unit>
<Unit filename="../../../../../apps/app/bsp/cpu/bd47/led/led_api_test.c"><Option compilerVer="CC"/></Unit>
<Unit filename="../../../../../apps/app/bsp/cpu/bd47/led/pwm_led.c"><Option compilerVer="CC"/></Unit>
<Unit filename="../../../../../apps/app/bsp/cpu/bd47/my_print.c"><Option compilerVer="CC"/></Unit>
<Unit filename="../../../../../apps/app/bsp/cpu/bd47/power/extern_dcdc/extern_dcdc.c"><Option compilerVer="CC"/></Unit>
<Unit filename="../../../../../apps/app/bsp/cpu/bd47/power/power_app.c"><Option compilerVer="CC"/></Unit>
<Unit filename="../../../../../apps/app/bsp/cpu/bd47/power/power_config.c"><Option compilerVer="CC"/></Unit>
<Unit filename="../../../../../apps/app/bsp/cpu/bd47/power_api.c"><Option compilerVer="CC"/></Unit>
<Unit filename="../../../../../apps/app/bsp/cpu/bd47/tick_timer_sys.c"><Option compilerVer="CC"/></Unit>
<Unit filename="../../../../../apps/app/bsp/cpu/bd47/uart.c"><Option compilerVer="CC"/></Unit>
<Unit filename="../../../../../apps/app/bsp/device/device_app.c"><Option compilerVer="CC"/></Unit>
<Unit filename="../../../../../apps/app/bsp/device/device_app.h" />
<Unit filename="../../../../../apps/app/bsp/device/device_list.c"><Option compilerVer="CC"/></Unit>
<Unit filename="../../../../../apps/app/bsp/start/bd47/main.c"><Option compilerVer="CC"/></Unit>
<Unit filename="../../../../../apps/app/bsp/start/cfg_bin.c"><Option compilerVer="CC"/></Unit>
<Unit filename="../../../../../apps/app/bsp/start/cfg_bin.h" />
<Unit filename="../../../../../apps/app/bsp/start/flash_init.c"><Option compilerVer="CC"/></Unit>
<Unit filename="../../../../../apps/app/bsp/start/flash_init.h" />
<Unit filename="../../../../../apps/app/bsp/start/init.c"><Option compilerVer="CC"/></Unit>
<Unit filename="../../../../../apps/app/bsp/start/init.h" />
<Unit filename="../../../../../apps/demo/transfer/app_main.c"><Option compilerVer="CC"/></Unit>
<Unit filename="../../../../../apps/demo/transfer/board/bd47/app_modules.h" />
<Unit filename="../../../../../apps/demo/transfer/board/bd47/board_aw318n_dongle.c"><Option compilerVer="CC"/></Unit>
<Unit filename="../../../../../apps/demo/transfer/board/bd47/board_aw318n_dongle_cfg.h" />
<Unit filename="../../../../../apps/demo/transfer/board/bd47/board_aw318n_dongle_global_build_cfg.h" />
<Unit filename="../../../../../apps/demo/transfer/board/bd47/board_aw31n_demo.c"><Option compilerVer="CC"/></Unit>
<Unit filename="../../../../../apps/demo/transfer/board/bd47/board_aw31n_demo_cfg.h" />
<Unit filename="../../../../../apps/demo/transfer/board/bd47/board_aw31n_demo_global_build_cfg.h" />
<Unit filename="../../../../../apps/demo/transfer/board/bd47/board_config.h" />
<Unit filename="../../../../../apps/demo/transfer/config/lib_btctrler_config.c"><Option compilerVer="CC"/></Unit>
<Unit filename="../../../../../apps/demo/transfer/config/lib_btstack_config.c"><Option compilerVer="CC"/></Unit>
<Unit filename="../../../../../apps/demo/transfer/config/lib_driver_config.c"><Option compilerVer="CC"/></Unit>
<Unit filename="../../../../../apps/demo/transfer/config/lib_profile_config.c"><Option compilerVer="CC"/></Unit>
<Unit filename="../../../../../apps/demo/transfer/config/lib_system_config.c"><Option compilerVer="CC"/></Unit>
<Unit filename="../../../../../apps/demo/transfer/config/lib_update_config.c"><Option compilerVer="CC"/></Unit>
<Unit filename="../../../../../apps/demo/transfer/config/log_config.c"><Option compilerVer="CC"/></Unit>
<Unit filename="../../../../../apps/demo/transfer/examples/at_char_com/app_at_char_com.c"><Option compilerVer="CC"/></Unit>
<Unit filename="../../../../../apps/demo/transfer/examples/at_char_com/app_at_char_com.h" />
<Unit filename="../../../../../apps/demo/transfer/examples/at_char_com/at_char_cmds.c"><Option compilerVer="CC"/></Unit>
<Unit filename="../../../../../apps/demo/transfer/examples/at_char_com/at_char_cmds.h" />
<Unit filename="../../../../../apps/demo/transfer/examples/at_char_com/at_char_uart.c"><Option compilerVer="CC"/></Unit>
<Unit filename="../../../../../apps/demo/transfer/examples/at_char_com/at_char_uart.h" />
<Unit filename="../../../../../apps/demo/transfer/examples/at_char_com/ble_at_char.c"><Option compilerVer="CC"/></Unit>
<Unit filename="../../../../../apps/demo/transfer/examples/at_char_com/ble_at_char.h" />
<Unit filename="../../../../../apps/demo/transfer/examples/at_char_com/ble_at_char_client.c"><Option compilerVer="CC"/></Unit>
<Unit filename="../../../../../apps/demo/transfer/examples/at_char_com/ble_at_char_client.h" />
<Unit filename="../../../../../apps/demo/transfer/examples/at_char_com/ble_at_char_profile.h" />
<Unit filename="../../../../../apps/demo/transfer/examples/at_char_com/ble_at_char_server.c"><Option compilerVer="CC"/></Unit>
<Unit filename="../../../../../apps/demo/transfer/examples/at_char_com/ble_at_char_server.h" />
<Unit filename="../../../../../apps/demo/transfer/examples/dongle/app_dongle.c"><Option compilerVer="CC"/></Unit>
<Unit filename="../../../../../apps/demo/transfer/examples/dongle/app_dongle.h" />
<Unit filename="../../../../../apps/demo/transfer/examples/dongle/ble_dg_central.c"><Option compilerVer="CC"/></Unit>
<Unit filename="../../../../../apps/demo/transfer/examples/dongle/ble_dg_central.h" />
<Unit filename="../../../../../apps/demo/transfer/examples/dongle/dg_audio_demo.c"><Option compilerVer="CC"/></Unit>
<Unit filename="../../../../../apps/demo/transfer/examples/dongle/ota_dg_central.h" />
<Unit filename="../../../../../apps/demo/transfer/examples/idle/app_idle.c"><Option compilerVer="CC"/></Unit>
<Unit filename="../../../../../apps/demo/transfer/examples/multi_conn/app_multi_conn.c"><Option compilerVer="CC"/></Unit>
<Unit filename="../../../../../apps/demo/transfer/examples/multi_conn/ble_multi.c"><Option compilerVer="CC"/></Unit>
<Unit filename="../../../../../apps/demo/transfer/examples/multi_conn/ble_multi.h" />
<Unit filename="../../../../../apps/demo/transfer/examples/multi_conn/ble_multi_adv.c"><Option compilerVer="CC"/></Unit>
<Unit filename="../../../../../apps/demo/transfer/examples/multi_conn/ble_multi_central.c"><Option compilerVer="CC"/></Unit>
<Unit filename="../../../../../apps/demo/transfer/examples/multi_conn/ble_multi_peripheral.c"><Option compilerVer="CC"/></Unit>
<Unit filename="../../../../../apps/demo/transfer/examples/multi_conn/ble_multi_profile.h" />
<Unit filename="../../../../../apps/demo/transfer/examples/multi_conn/ble_multi_scan.c"><Option compilerVer="CC"/></Unit>
<Unit filename="../../../../../apps/demo/transfer/examples/nonconn_trans/app_nonconn_trans.c"><Option compilerVer="CC"/></Unit>
<Unit filename="../../../../../apps/demo/transfer/examples/nonconn_trans/ble_noconn_deal.c"><Option compilerVer="CC"/></Unit>
<Unit filename="../../../../../apps/demo/transfer/examples/nonconn_trans/ble_noconn_deal.h" />
<Unit filename="../../../../../apps/demo/transfer/examples/trans_data/app_trans.c"><Option compilerVer="CC"/></Unit>
<Unit filename="../../../../../apps/demo/transfer/examples/trans_data/ble_trans.c"><Option compilerVer="CC"/></Unit>
<Unit filename="../../../../../apps/demo/transfer/examples/trans_data/ble_trans.h" />
<Unit filename="../../../../../apps/demo/transfer/examples/trans_data/ble_trans_profile.h" />
<Unit filename="../../../../../apps/demo/transfer/include/app_action.h" />
<Unit filename="../../../../../apps/demo/transfer/include/app_comm_bt.h" />
<Unit filename="../../../../../apps/demo/transfer/include/app_comm_proc.h" />
<Unit filename="../../../../../apps/demo/transfer/include/app_config.h" />
<Unit filename="../../../../../apps/demo/transfer/include/app_main.h" />
<Unit filename="../../../../../apps/demo/transfer/include/at.h" />
<Unit filename="../../../../../apps/demo/transfer/include/standard_hid.h" />
<Unit filename="../../../../../apps/demo/transfer/include/user_cfg.h" />
<Unit filename="../../../../../apps/demo/transfer/include/user_cfg_id.h" />
<Unit filename="../../../../../apps/demo/transfer/modules/app_comm_proc.c"><Option compilerVer="CC"/></Unit>
<Unit filename="../../../../../apps/demo/transfer/modules/bt/app_comm_ble.c"><Option compilerVer="CC"/></Unit>
<Unit filename="../../../../../apps/demo/transfer/modules/user_cfg.c"><Option compilerVer="CC"/></Unit>
<Unit filename="../../../../../apps/demo/transfer/version.c"><Option compilerVer="CC"/></Unit>
<Unit filename="../../../../../apps/include_lib/asm_type.h" />
<Unit filename="../../../../../apps/include_lib/audio/audio_typedef.h" />
<Unit filename="../../../../../apps/include_lib/audio/if_decoder_ctrl.h" />
<Unit filename="../../../../../apps/include_lib/audio/ima_stream_decode_api.h" />
<Unit filename="../../../../../apps/include_lib/audio/sbc_stddec_api.h" />
<Unit filename="../../../../../apps/include_lib/bt_controller_include/adapter/include/common/debug.h" />
<Unit filename="../../../../../apps/include_lib/bt_controller_include/ble/hci_ll.h" />
<Unit filename="../../../../../apps/include_lib/bt_controller_include/ble/ll_config.h" />
<Unit filename="../../../../../apps/include_lib/bt_controller_include/btcontroller_mode.h" />
<Unit filename="../../../../../apps/include_lib/bt_controller_include/btcontroller_modules.h" />
<Unit filename="../../../../../apps/include_lib/bt_controller_include/btctrler_task.h" />
<Unit filename="../../../../../apps/include_lib/bt_controller_include/classic/hci_lmp.h" />
<Unit filename="../../../../../apps/include_lib/bt_controller_include/classic/lmp_config.h" />
<Unit filename="../../../../../apps/include_lib/bt_controller_include/hci_transport.h" />
<Unit filename="../../../../../apps/include_lib/bt_controller_include/port/bd47/btcontroller_config.h" />
<Unit filename="../../../../../apps/include_lib/bt_include/avctp_user.h" />
<Unit filename="../../../../../apps/include_lib/bt_include/bluetooth.h" />
<Unit filename="../../../../../apps/include_lib/bt_include/btstack_event.h" />
<Unit filename="../../../../../apps/include_lib/bt_include/btstack_task.h" />
<Unit filename="../../../../../apps/include_lib/bt_include/btstack_typedef.h" />
<Unit filename="../../../../../apps/include_lib/bt_include/le/att.h" />
<Unit filename="../../../../../apps/include_lib/bt_include/le/ble_api.h" />
<Unit filename="../../../../../apps/include_lib/bt_include/le/ble_data_types.h" />
<Unit filename="../../../../../apps/include_lib/bt_include/le/gatt.h" />
<Unit filename="../../../../../apps/include_lib/bt_include/le/le_common_define.h" />
<Unit filename="../../../../../apps/include_lib/bt_include/le/le_user.h" />
<Unit filename="../../../../../apps/include_lib/bt_include/le/sm.h" />
<Unit filename="../../../../../apps/include_lib/bt_include/third_party/common/ble_user.h" />
<Unit filename="../../../../../apps/include_lib/bt_include/third_party/rcsp/JL_rcsp_api.h" />
<Unit filename="../../../../../apps/include_lib/bt_include/third_party/rcsp/JL_rcsp_packet.h" />
<Unit filename="../../../../../apps/include_lib/bt_include/third_party/rcsp/JL_rcsp_protocol.h" />
<Unit filename="../../../../../apps/include_lib/bt_include/third_party/rcsp/attr.h" />
<Unit filename="../../../../../apps/include_lib/bt_include/third_party/rcsp/rcsp_auth.h" />
<Unit filename="../../../../../apps/include_lib/common/assert_d.h" />
<Unit filename="../../../../../apps/include_lib/common/ble_test_api.h" />
<Unit filename="../../../../../apps/include_lib/common/boot.h" />
<Unit filename="../../../../../apps/include_lib/common/circular_buf.h" />
<Unit filename="../../../../../apps/include_lib/common/common.h" />
<Unit filename="../../../../../apps/include_lib/common/config.h" />
<Unit filename="../../../../../apps/include_lib/common/errno-base.h" />
<Unit filename="../../../../../apps/include_lib/common/flash_wp.h" />
<Unit filename="../../../../../apps/include_lib/common/includes.h" />
<Unit filename="../../../../../apps/include_lib/common/ir_decoder.h" />
<Unit filename="../../../../../apps/include_lib/common/ir_encoder.h" />
<Unit filename="../../../../../apps/include_lib/common/jiffies.h" />
<Unit filename="../../../../../apps/include_lib/common/list.h" />
<Unit filename="../../../../../apps/include_lib/common/log.h" />
<Unit filename="../../../../../apps/include_lib/common/my_malloc.h" />
<Unit filename="../../../../../apps/include_lib/common/new_vm.h" />
<Unit filename="../../../../../apps/include_lib/common/printf.h" />
<Unit filename="../../../../../apps/include_lib/common/rdec_soft.h" />
<Unit filename="../../../../../apps/include_lib/common/sys_memory.h" />
<Unit filename="../../../../../apps/include_lib/common/tab_read.h" />
<Unit filename="../../../../../apps/include_lib/common/vm.h" />
<Unit filename="../../../../../apps/include_lib/common/vm_sfc.h" />
<Unit filename="../../../../../apps/include_lib/config/config_transport.h" />
<Unit filename="../../../../../apps/include_lib/cpu/bd47/adc_api.h" />
<Unit filename="../../../../../apps/include_lib/cpu/bd47/asm/power/p33/charge_hw.h" />
<Unit filename="../../../../../apps/include_lib/cpu/bd47/asm/power/p33/p33_access.h" />
<Unit filename="../../../../../apps/include_lib/cpu/bd47/asm/power/p33/p33_api.h" />
<Unit filename="../../../../../apps/include_lib/cpu/bd47/asm/power/p33/p33_interface.h" />
<Unit filename="../../../../../apps/include_lib/cpu/bd47/asm/power/p33/p33_sfr.h" />
<Unit filename="../../../../../apps/include_lib/cpu/bd47/asm/power/p33/wdt.h" />
<Unit filename="../../../../../apps/include_lib/cpu/bd47/asm/power/pmu_flag.h" />
<Unit filename="../../../../../apps/include_lib/cpu/bd47/asm/power/power_api.h" />
<Unit filename="../../../../../apps/include_lib/cpu/bd47/asm/power/power_app.h" />
<Unit filename="../../../../../apps/include_lib/cpu/bd47/asm/power/power_compat.h" />
<Unit filename="../../../../../apps/include_lib/cpu/bd47/asm/power/power_defined.h" />
<Unit filename="../../../../../apps/include_lib/cpu/bd47/asm/power/power_manage.h" />
<Unit filename="../../../../../apps/include_lib/cpu/bd47/asm/power/power_port.h" />
<Unit filename="../../../../../apps/include_lib/cpu/bd47/asm/power/power_reset.h" />
<Unit filename="../../../../../apps/include_lib/cpu/bd47/asm/power/power_trim.h" />
<Unit filename="../../../../../apps/include_lib/cpu/bd47/asm/power/power_wakeup.h" />
<Unit filename="../../../../../apps/include_lib/cpu/bd47/asm/power/vbat_det_trim.h" />
<Unit filename="../../../../../apps/include_lib/cpu/bd47/asm/power_interface.h" />
<Unit filename="../../../../../apps/include_lib/cpu/bd47/asm/rtc.h" />
<Unit filename="../../../../../apps/include_lib/cpu/bd47/bd47.h" />
<Unit filename="../../../../../apps/include_lib/cpu/bd47/bt_includes.h" />
<Unit filename="../../../../../apps/include_lib/cpu/bd47/bt_log.h" />
<Unit filename="../../../../../apps/include_lib/cpu/bd47/clock.h" />
<Unit filename="../../../../../apps/include_lib/cpu/bd47/clock_hw.h" />
<Unit filename="../../../../../apps/include_lib/cpu/bd47/cpu.h" />
<Unit filename="../../../../../apps/include_lib/cpu/bd47/crc16.h" />
<Unit filename="../../../../../apps/include_lib/cpu/bd47/csfr.h" />
<Unit filename="../../../../../apps/include_lib/cpu/bd47/efuse.h" />
<Unit filename="../../../../../apps/include_lib/cpu/bd47/fusb_pll_trim.h" />
<Unit filename="../../../../../apps/include_lib/cpu/bd47/gpio_hw.h" />
<Unit filename="../../../../../apps/include_lib/cpu/bd47/gptimer_hw.h" />
<Unit filename="../../../../../apps/include_lib/cpu/bd47/hwi.h" />
<Unit filename="../../../../../apps/include_lib/cpu/bd47/io_imap.h" />
<Unit filename="../../../../../apps/include_lib/cpu/bd47/io_omap.h" />
<Unit filename="../../../../../apps/include_lib/cpu/bd47/irq.h" />
<Unit filename="../../../../../apps/include_lib/cpu/bd47/irq_vec.h" />
<Unit filename="../../../../../apps/include_lib/cpu/bd47/led_api.h" />
<Unit filename="../../../../../apps/include_lib/cpu/bd47/maskrom.h" />
<Unit filename="../../../../../apps/include_lib/cpu/bd47/power_interface.h" />
<Unit filename="../../../../../apps/include_lib/cpu/bd47/pwm_led.h" />
<Unit filename="../../../../../apps/include_lib/cpu/bd47/spi_hw.h" />
<Unit filename="../../../../../apps/include_lib/cpu/bd47/spinlock.h" />
<Unit filename="../../../../../apps/include_lib/cpu/bd47/sys_timer.h" />
<Unit filename="../../../../../apps/include_lib/cpu/bd47/tick_timer_driver.h" />
<Unit filename="../../../../../apps/include_lib/cpu/bd47/typedef.h" />
<Unit filename="../../../../../apps/include_lib/cpu/bd47/uart_types.h" />
<Unit filename="../../../../../apps/include_lib/cpu/bd47/usb.h" />
<Unit filename="../../../../../apps/include_lib/cpu/cpu_debug.h" />
<Unit filename="../../../../../apps/include_lib/cpu/gpio.h" />
<Unit filename="../../../../../apps/include_lib/cpu/gptimer.h" />
<Unit filename="../../../../../apps/include_lib/cpu/spi.h" />
<Unit filename="../../../../../apps/include_lib/cpu/uart.h" />
<Unit filename="../../../../../apps/include_lib/cpu/uart_v2.h" />
<Unit filename="../../../../../apps/include_lib/cpu/wdt.h" />
<Unit filename="../../../../../apps/include_lib/dev_mg/atomic.h" />
<Unit filename="../../../../../apps/include_lib/dev_mg/device.h" />
<Unit filename="../../../../../apps/include_lib/dev_mg/ioctl_cmds.h" />
<Unit filename="../../../../../apps/include_lib/device/ioctl.h" />
<Unit filename="../../../../../apps/include_lib/device/usb/ch9.h" />
<Unit filename="../../../../../apps/include_lib/device/usb/device/custom_hid.h" />
<Unit filename="../../../../../apps/include_lib/device/usb/device/descriptor.h" />
<Unit filename="../../../../../apps/include_lib/device/usb/device/hid.h" />
<Unit filename="../../../../../apps/include_lib/device/usb/device/msd.h" />
<Unit filename="../../../../../apps/include_lib/device/usb/device/uac_audio.h" />
<Unit filename="../../../../../apps/include_lib/device/usb/device/usb_stack.h" />
<Unit filename="../../../../../apps/include_lib/device/usb/device/usb_suspend_resume.h" />
<Unit filename="../../../../../apps/include_lib/device/usb/device_drive.h" />
<Unit filename="../../../../../apps/include_lib/device/usb/host/usb_host.h" />
<Unit filename="../../../../../apps/include_lib/device/usb/host/usb_storage.h" />
<Unit filename="../../../../../apps/include_lib/device/usb/otg.h" />
<Unit filename="../../../../../apps/include_lib/device/usb/scsi.h" />
<Unit filename="../../../../../apps/include_lib/device/usb/usb.h" />
<Unit filename="../../../../../apps/include_lib/device/usb/usb_phy.h" />
<Unit filename="../../../../../apps/include_lib/fs/fat/fat_resource.h" />
<Unit filename="../../../../../apps/include_lib/fs/fat/ff_opr.h" />
<Unit filename="../../../../../apps/include_lib/fs/fat/tff.h" />
<Unit filename="../../../../../apps/include_lib/fs/sydf/sydf_resource.h" />
<Unit filename="../../../../../apps/include_lib/fs/sydf/sydfile.h" />
<Unit filename="../../../../../apps/include_lib/fs/vfs.h" />
<Unit filename="../../../../../apps/include_lib/fs/vfs_fat.h" />
<Unit filename="../../../../../apps/include_lib/msg/msg.h" />
<Unit filename="../../../../../apps/include_lib/update/code_v2/dual_bank_updata_api.h" />
<Unit filename="../../../../../apps/include_lib/update/code_v2/testbox_uart_update.h" />
<Unit filename="../../../../../apps/include_lib/update/code_v2/uart_update.h" />
<Unit filename="../../../../../apps/include_lib/update/code_v2/update.h" />
<Unit filename="../../../../../apps/include_lib/update/code_v2/update_loader_download.h" />
<Unit filename="../../../../../apps/include_lib/update/update.h" />
</Project>
</CodeBlocks_project_file>
